
Microsoft Visual Studio Solution File, Format Version 12.00
# Visual Studio Version 16
VisualStudioVersion = 16.0.31424.327
MinimumVisualStudioVersion = 10.0.40219.1
Project("{FAE04EC0-301F-11D3-BF4B-00C04F79EFBC}") = "InheritancePolymorphism", "InheritancePolymorphism\InheritancePolymorphism.csproj", "{75729CC1-9149-40F2-AE13-626E39F75B2A}"
EndProject
Global
	GlobalSection(SolutionConfigurationPlatforms) = preSolution
		Debug|Any CPU = Debug|Any CPU
		Release|Any CPU = Release|Any CPU
	EndGlobalSection
	GlobalSection(ProjectConfigurationPlatforms) = postSolution
		{75729CC1-9149-40F2-AE13-626E39F75B2A}.Debug|Any CPU.ActiveCfg = Debug|Any CPU
		{75729CC1-9149-40F2-AE13-626E39F75B2A}.Debug|Any CPU.Build.0 = Debug|Any CPU
		{75729CC1-9149-40F2-AE13-626E39F75B2A}.Release|Any CPU.ActiveCfg = Release|Any CPU
		{75729CC1-9149-40F2-AE13-626E39F75B2A}.Release|Any CPU.Build.0 = Release|Any CPU
	EndGlobalSection
	GlobalSection(SolutionProperties) = preSolution
		HideSolutionNode = FALSE
	EndGlobalSection
	GlobalSection(ExtensibilityGlobals) = postSolution
		SolutionGuid = {7815C63C-360F-4FEE-A365-6DAC258E1C1A}
	EndGlobalSection
EndGlobal
